
Microsoft Visual Studio Solution File, Format Version 12.00
# Visual Studio Version 17
VisualStudioVersion = 17.0.31903.59
MinimumVisualStudioVersion = 10.0.40219.1
Project("{FAE04EC0-301F-11D3-BF4B-00C04F79EFBC}") = "PdfChunkService", "PdfChunkService\PdfChunkService.csproj", "{35E1EF14-874C-4D94-A251-8F2B9DD3C1CE}"
EndProject
Project("{FAE04EC0-301F-11D3-BF4B-00C04F79EFBC}") = "PdfChunkService.Tests", "PdfChunkService.Tests\PdfChunkService.Tests.csproj", "{C79CC513-8270-4D2C-828D-D712D5825244}"
EndProject
Global
	GlobalSection(SolutionConfigurationPlatforms) = preSolution
		Debug|Any CPU = Debug|Any CPU
		Release|Any CPU = Release|Any CPU
	EndGlobalSection
	GlobalSection(SolutionProperties) = preSolution
		HideSolutionNode = FALSE
	EndGlobalSection
	GlobalSection(ProjectConfigurationPlatforms) = postSolution
		{35E1EF14-874C-4D94-A251-8F2B9DD3C1CE}.Debug|Any CPU.ActiveCfg = Debug|Any CPU
		{35E1EF14-874C-4D94-A251-8F2B9DD3C1CE}.Debug|Any CPU.Build.0 = Debug|Any CPU
		{35E1EF14-874C-4D94-A251-8F2B9DD3C1CE}.Release|Any CPU.ActiveCfg = Release|Any CPU
		{35E1EF14-874C-4D94-A251-8F2B9DD3C1CE}.Release|Any CPU.Build.0 = Release|Any CPU
		{C79CC513-8270-4D2C-828D-D712D5825244}.Debug|Any CPU.ActiveCfg = Debug|Any CPU
		{C79CC513-8270-4D2C-828D-D712D5825244}.Debug|Any CPU.Build.0 = Debug|Any CPU
		{C79CC513-8270-4D2C-828D-D712D5825244}.Release|Any CPU.ActiveCfg = Release|Any CPU
		{C79CC513-8270-4D2C-828D-D712D5825244}.Release|Any CPU.Build.0 = Release|Any CPU
	EndGlobalSection
EndGlobal
